Microsoft Visual Studio Solution File, Format Version 12.00
# Visual Studio Version 17
VisualStudioVersion = 17.5.2.0
MinimumVisualStudioVersion = 10.0.40219.1
Project("{FAE04EC0-301F-11D3-BF4B-00C04F79EFBC}") = "Tenup", "Tenup.csproj", "{6A971759-F68A-06EC-781E-65CA8F274A48}"
EndProject
Global
	GlobalSection(SolutionConfigurationPlatforms) = preSolution
		Debug|Any CPU = Debug|Any CPU
		Release|Any CPU = Release|Any CPU
	EndGlobalSection
	GlobalSection(ProjectConfigurationPlatforms) = postSolution
		{6A971759-F68A-06EC-781E-65CA8F274A48}.Debug|Any CPU.ActiveCfg = Debug|Any CPU
		{6A971759-F68A-06EC-781E-65CA8F274A48}.Debug|Any CPU.Build.0 = Debug|Any CPU
		{6A971759-F68A-06EC-781E-65CA8F274A48}.Release|Any CPU.ActiveCfg = Release|Any CPU
		{6A971759-F68A-06EC-781E-65CA8F274A48}.Release|Any CPU.Build.0 = Release|Any CPU
	EndGlobalSection
	GlobalSection(SolutionProperties) = preSolution
		HideSolutionNode = FALSE
	EndGlobalSection
	GlobalSection(ExtensibilityGlobals) = postSolution
		SolutionGuid = {1E6FDF8B-E427-40AE-80FA-6B5E59F39CFC}
	EndGlobalSection
EndGlobal
